{
  "name": "mkvars",
  "version": "0.0.0",
  "lockfileVersion": 2,
  "requires": true,
  "packages": {
    "": {
      "version": "0.0.0",
      "license": "CC0-1.0",
      "devDependencies": {
        "flug": "^0.0.0"
      }
    },
    "node_modules/flug": {
      "version": "0.0.0",
      "resolved": "https://registry.npmjs.org/flug/-/flug-0.0.0.tgz",
      "integrity": "sha512-gTVGq4akhHvjG6jfPsnhDraweN+WBwxYrCgn9ZqVv36Y+r/yj6TJwwV/BhSsBAQdHoBmB+TmgQRO0MoKQwUoWA==",
      "dev": true
    }
  },
  "dependencies": {
    "flug": {
      "version": "0.0.0",
      "resolved": "https://registry.npmjs.org/flug/-/flug-0.0.0.tgz",
      "integrity": "sha512-gTVGq4akhHvjG6jfPsnhDraweN+WBwxYrCgn9ZqVv36Y+r/yj6TJwwV/BhSsBAQdHoBmB+TmgQRO0MoKQwUoWA==",
      "dev": true
    }
  }
}
